// !$*UTF8*$!
{
	archiveVersion = 1;
	classes = {
	};
	objectVersion = 48;
	objects = {

/* Begin PBXBuildFile section */
		06D45D01DBC857F6917CEBAF /* Pods_myCarTests.framework in Frameworks */ = {isa = PBXBuildFile; fileRef = 025E67E90BB4307F8E8D076C /* Pods_myCarTests.framework */; };
		4ACC87E0B278D46C92608973 /* Pods_myCar_myCarTests.framework in Frameworks */ = {isa = PBXBuildFile; fileRef = 0B9480C674178E267DCB6FFE /* Pods_myCar_myCarTests.framework */; };
		90080CF1208D8A27007A3904 /* Register.storyboard in Resources */ = {isa = PBXBuildFile; fileRef = 90080CF0208D8A27007A3904 /* Register.storyboard */; };
		90080CF3208D8AE2007A3904 /* RegisterViewController.swift in Sources */ = {isa = PBXBuildFile; fileRef = 90080CF2208D8AE2007A3904 /* RegisterViewController.swift */; };
		90080CF6208D8F61007A3904 /* LogIn.storyboard in Resources */ = {isa = PBXBuildFile; fileRef = 90080CF5208D8F61007A3904 /* LogIn.storyboard */; };
		90080CF8208D8F75007A3904 /* LogInViewController.swift in Sources */ = {isa = PBXBuildFile; fileRef = 90080CF7208D8F75007A3904 /* LogInViewController.swift */; };
		901CD55620F6FE45009C87D4 /* FilterBillViewController.swift in Sources */ = {isa = PBXBuildFile; fileRef = 901CD55520F6FE45009C87D4 /* FilterBillViewController.swift */; };
		901CD55820F70399009C87D4 /* FilterMileageViewController.swift in Sources */ = {isa = PBXBuildFile; fileRef = 901CD55720F70399009C87D4 /* FilterMileageViewController.swift */; };
		902BE97E207B168E00418313 /* ServiceRepository.swift in Sources */ = {isa = PBXBuildFile; fileRef = 902BE97D207B168E00418313 /* ServiceRepository.swift */; };
		902BE980207B16B900418313 /* Service.swift in Sources */ = {isa = PBXBuildFile; fileRef = 902BE97F207B16B900418313 /* Service.swift */; };
		902E927B203AE69700DD7E0F /* AppDelegate.swift in Sources */ = {isa = PBXBuildFile; fileRef = 902E927A203AE69700DD7E0F /* AppDelegate.swift */; };
		902E927D203AE69700DD7E0F /* NewCarViewController.swift in Sources */ = {isa = PBXBuildFile; fileRef = 902E927C203AE69700DD7E0F /* NewCarViewController.swift */; };
		902E9280203AE69700DD7E0F /* Main.storyboard in Resources */ = {isa = PBXBuildFile; fileRef = 902E927E203AE69700DD7E0F /* Main.storyboard */; };
		902E9282203AE69700DD7E0F /* Assets.xcassets in Resources */ = {isa = PBXBuildFile; fileRef = 902E9281203AE69700DD7E0F /* Assets.xcassets */; };
		902E9285203AE69700DD7E0F /* LaunchScreen.storyboard in Resources */ = {isa = PBXBuildFile; fileRef = 902E9283203AE69700DD7E0F /* LaunchScreen.storyboard */; };
		903022E620540545009CD7D5 /* MileageRepository.swift in Sources */ = {isa = PBXBuildFile; fileRef = 903022E520540545009CD7D5 /* MileageRepository.swift */; };
		903022EA20540A6E009CD7D5 /* Mileage.swift in Sources */ = {isa = PBXBuildFile; fileRef = 903022E920540A6E009CD7D5 /* Mileage.swift */; };
		903022EC2054121E009CD7D5 /* MileageTableViewCell.swift in Sources */ = {isa = PBXBuildFile; fileRef = 903022EB2054121E009CD7D5 /* MileageTableViewCell.swift */; };
		903B2F8820E5DE6200AD493C /* FilterCostViewController.swift in Sources */ = {isa = PBXBuildFile; fileRef = 903B2F8720E5DE6200AD493C /* FilterCostViewController.swift */; };
		90438C562060C28200EBD20A /* BillRepository.swift in Sources */ = {isa = PBXBuildFile; fileRef = 90438C552060C28200EBD20A /* BillRepository.swift */; };
		904F3738210790C600A6A63F /* UILabel+Image.swift in Sources */ = {isa = PBXBuildFile; fileRef = 904F3737210790C600A6A63F /* UILabel+Image.swift */; };
		906EB7A92088455C00676053 /* GoogleService-Info.plist in Resources */ = {isa = PBXBuildFile; fileRef = 9095C8EE2088425700E27A6C /* GoogleService-Info.plist */; };
		90764BC52069EA51005DF444 /* Repair.swift in Sources */ = {isa = PBXBuildFile; fileRef = 90764BC42069EA51005DF444 /* Repair.swift */; };
		90764BC72069EBF0005DF444 /* RepairRepository.swift in Sources */ = {isa = PBXBuildFile; fileRef = 90764BC62069EBF0005DF444 /* RepairRepository.swift */; };
		90764BC92069ED1C005DF444 /* AddRepairViewController.swift in Sources */ = {isa = PBXBuildFile; fileRef = 90764BC82069ED1C005DF444 /* AddRepairViewController.swift */; };
		90764BCB2069EF22005DF444 /* RepairTableViewCell.swift in Sources */ = {isa = PBXBuildFile; fileRef = 90764BCA2069EF22005DF444 /* RepairTableViewCell.swift */; };
		90764BCD2069EFD9005DF444 /* RepairsTableViewController.swift in Sources */ = {isa = PBXBuildFile; fileRef = 90764BCC2069EFD9005DF444 /* RepairsTableViewController.swift */; };
		9079394D20620EDA009167ED /* AddBillViewController.swift in Sources */ = {isa = PBXBuildFile; fileRef = 9079394C20620EDA009167ED /* AddBillViewController.swift */; };
		908AA2EC203DFDD000B102AE /* Car.swift in Sources */ = {isa = PBXBuildFile; fileRef = 908AA2EB203DFDD000B102AE /* Car.swift */; };
		908AA2EE203E092C00B102AE /* CarTableViewController.swift in Sources */ = {isa = PBXBuildFile; fileRef = 908AA2ED203E092C00B102AE /* CarTableViewController.swift */; };
		908D871A20432C0B0055EA0B /* CarRepositosory.swift in Sources */ = {isa = PBXBuildFile; fileRef = 908D871920432C0A0055EA0B /* CarRepositosory.swift */; };
		909605A720528DF000754C2D /* MileageTableViewController.swift in Sources */ = {isa = PBXBuildFile; fileRef = 909605A620528DF000754C2D /* MileageTableViewController.swift */; };
		90978A9A20732521000B3643 /* Mileage.storyboard in Resources */ = {isa = PBXBuildFile; fileRef = 90978A9920732521000B3643 /* Mileage.storyboard */; };
		90978A9C20732678000B3643 /* Repairs.storyboard in Resources */ = {isa = PBXBuildFile; fileRef = 90978A9B20732678000B3643 /* Repairs.storyboard */; };
		90978A9E2073275E000B3643 /* Costs.storyboard in Resources */ = {isa = PBXBuildFile; fileRef = 90978A9D2073275E000B3643 /* Costs.storyboard */; };
		90978AA02073279D000B3643 /* Bills.storyboard in Resources */ = {isa = PBXBuildFile; fileRef = 90978A9F2073279D000B3643 /* Bills.storyboard */; };
		90A5E75D206CBBE3007A78BC /* AddServiceViewController.swift in Sources */ = {isa = PBXBuildFile; fileRef = 90A5E75C206CBBE3007A78BC /* AddServiceViewController.swift */; };
		90AF2E0F203B722B002D6B88 /* CarTableViewCell.swift in Sources */ = {isa = PBXBuildFile; fileRef = 90AF2E0E203B722B002D6B88 /* CarTableViewCell.swift */; };
		90B7BDB72064B72B0030D398 /* Cost.swift in Sources */ = {isa = PBXBuildFile; fileRef = 90B7BDB62064B72B0030D398 /* Cost.swift */; };
		90B7BDB92064B8F40030D398 /* CostRepository.swift in Sources */ = {isa = PBXBuildFile; fileRef = 90B7BDB82064B8F40030D398 /* CostRepository.swift */; };
		90B7BDBB2064BCA70030D398 /* AddCostViewController.swift in Sources */ = {isa = PBXBuildFile; fileRef = 90B7BDBA2064BCA70030D398 /* AddCostViewController.swift */; };
		90B7BDBD2064BFEC0030D398 /* CostsTableViewController.swift in Sources */ = {isa = PBXBuildFile; fileRef = 90B7BDBC2064BFEC0030D398 /* CostsTableViewController.swift */; };
		90B7BDBF2064C0240030D398 /* CostTableViewCell.swift in Sources */ = {isa = PBXBuildFile; fileRef = 90B7BDBE2064C0240030D398 /* CostTableViewCell.swift */; };
		90B85FFE207C611D00F6707D /* ServiceTableViewCell.swift in Sources */ = {isa = PBXBuildFile; fileRef = 90B85FFD207C611D00F6707D /* ServiceTableViewCell.swift */; };
		90C353D520F5AE6200E6E0DA /* FilterRepairViewController.swift in Sources */ = {isa = PBXBuildFile; fileRef = 90C353D420F5AE6200E6E0DA /* FilterRepairViewController.swift */; };
		90C353D720F5B18200E6E0DA /* FilterServiceViewController.swift in Sources */ = {isa = PBXBuildFile; fileRef = 90C353D620F5B18200E6E0DA /* FilterServiceViewController.swift */; };
		90D2BA25208E3E6100BA0ED7 /* Welcome.storyboard in Resources */ = {isa = PBXBuildFile; fileRef = 90D2BA24208E3E6100BA0ED7 /* Welcome.storyboard */; };
		90D2BA27208E3E7800BA0ED7 /* WelcomeViewController.swift in Sources */ = {isa = PBXBuildFile; fileRef = 90D2BA26208E3E7800BA0ED7 /* WelcomeViewController.swift */; };
		90D46BAD210EBB7700FB7D1C /* EditCostViewController.swift in Sources */ = {isa = PBXBuildFile; fileRef = 90D46BAC210EBB7700FB7D1C /* EditCostViewController.swift */; };
		90F2FE202053004A0022CBC6 /* CategoryViewController.swift in Sources */ = {isa = PBXBuildFile; fileRef = 90F2FE1F2053004A0022CBC6 /* CategoryViewController.swift */; };
		90F2FE22205301AB0022CBC6 /* AddMileageViewController.swift in Sources */ = {isa = PBXBuildFile; fileRef = 90F2FE21205301AB0022CBC6 /* AddMileageViewController.swift */; };
		90FBFF2F206AA68900110FA0 /* Services.storyboard in Resources */ = {isa = PBXBuildFile; fileRef = 90FBFF2E206AA68900110FA0 /* Services.storyboard */; };
		90FBFF31206AA7C800110FA0 /* ServiceTableViewController.swift in Sources */ = {isa = PBXBuildFile; fileRef = 90FBFF30206AA7C800110FA0 /* ServiceTableViewController.swift */; };
		90FBFF34206AA8F300110FA0 /* About.storyboard in Resources */ = {isa = PBXBuildFile; fileRef = 90FBFF33206AA8F300110FA0 /* About.storyboard */; };
		90FBFF36206AA98400110FA0 /* AboutViewController.swift in Sources */ = {isa = PBXBuildFile; fileRef = 90FBFF35206AA98400110FA0 /* AboutViewController.swift */; };
		90FE9A3F205F6B3000874867 /* BillsTableViewController.swift in Sources */ = {isa = PBXBuildFile; fileRef = 90FE9A3E205F6B3000874867 /* BillsTableViewController.swift */; };
		90FE9A41205F6EE500874867 /* BillsTableViewCell.swift in Sources */ = {isa = PBXBuildFile; fileRef = 90FE9A40205F6EE500874867 /* BillsTableViewCell.swift */; };
		90FE9A47205F766300874867 /* Bill.swift in Sources */ = {isa = PBXBuildFile; fileRef = 90FE9A46205F766300874867 /* Bill.swift */; };
		BA894C97C97DD79D251687C9 /* Pods_myCar_myCarUITests.framework in Frameworks */ = {isa = PBXBuildFile; fileRef = C14DE8B68C0A7D6706B09A13 /* Pods_myCar_myCarUITests.framework */; };
		BC9DE5C320BC58A90038BB05 /* CarTests.swift in Sources */ = {isa = PBXBuildFile; fileRef = BC9DE5C220BC58A90038BB05 /* CarTests.swift */; };
		BCFAA69420BC5D2B000235B1 /* myCarUITests.swift in Sources */ = {isa = PBXBuildFile; fileRef = BCFAA69320BC5D2B000235B1 /* myCarUITests.swift */; };
		E05DF24C91F488D3506DED55 /* Pods_myCar.framework in Frameworks */ = {isa = PBXBuildFile; fileRef = 41F3BD8ECD63C1CAB3611CFC /* Pods_myCar.framework */; settings = {ATTRIBUTES = (Weak, ); }; };
/* End PBXBuildFile section */

/* Begin PBXContainerItemProxy section */
		BC9DE5C520BC58A90038BB05 /* PBXContainerItemProxy */ = {
			isa = PBXContainerItemProxy;
			containerPortal = 902E926F203AE69700DD7E0F /* Project object */;
			proxyType = 1;
			remoteGlobalIDString = 902E9276203AE69700DD7E0F;
			remoteInfo = myCar;
		};
		BCFAA69620BC5D2B000235B1 /* PBXContainerItemProxy */ = {
			isa = PBXContainerItemProxy;
			containerPortal = 902E926F203AE69700DD7E0F /* Project object */;
			proxyType = 1;
			remoteGlobalIDString = 902E9276203AE69700DD7E0F;
			remoteInfo = myCar;
		};
/* End PBXContainerItemProxy section */

/* Begin PBXFileReference section */
		025E67E90BB4307F8E8D076C /* Pods_myCarTests.framework */ = {isa = PBXFileReference; explicitFileType = wrapper.framework; includeInIndex = 0; path = Pods_myCarTests.framework; sourceTree = BUILT_PRODUCTS_DIR; };
		0873E778E08AB70CA04C10FE /* Pods-myCar-myCarTests.debug.xcconfig */ = {isa = PBXFileReference; includeInIndex = 1; lastKnownFileType = text.xcconfig; name = "Pods-myCar-myCarTests.debug.xcconfig"; path = "Pods/Target Support Files/Pods-myCar-myCarTests/Pods-myCar-myCarTests.debug.xcconfig"; sourceTree = "<group>"; };
		0B9480C674178E267DCB6FFE /* Pods_myCar_myCarTests.framework */ = {isa = PBXFileReference; explicitFileType = wrapper.framework; includeInIndex = 0; path = Pods_myCar_myCarTests.framework; sourceTree = BUILT_PRODUCTS_DIR; };
		2390FE3679A52A4AC88FE97B /* Pods-myCar-myCarUITests.debug.xcconfig */ = {isa = PBXFileReference; includeInIndex = 1; lastKnownFileType = text.xcconfig; name = "Pods-myCar-myCarUITests.debug.xcconfig"; path = "Pods/Target Support Files/Pods-myCar-myCarUITests/Pods-myCar-myCarUITests.debug.xcconfig"; sourceTree = "<group>"; };
		394CD9BF5F67245A3473E2BF /* Pods-myCar-myCarTests.release.xcconfig */ = {isa = PBXFileReference; includeInIndex = 1; lastKnownFileType = text.xcconfig; name = "Pods-myCar-myCarTests.release.xcconfig"; path = "Pods/Target Support Files/Pods-myCar-myCarTests/Pods-myCar-myCarTests.release.xcconfig"; sourceTree = "<group>"; };
		41F3BD8ECD63C1CAB3611CFC /* Pods_myCar.framework */ = {isa = PBXFileReference; explicitFileType = wrapper.framework; includeInIndex = 0; path = Pods_myCar.framework; sourceTree = BUILT_PRODUCTS_DIR; };
		583882E83E14C863A9077ABA /* Pods-myCar-myCarUITests.release.xcconfig */ = {isa = PBXFileReference; includeInIndex = 1; lastKnownFileType = text.xcconfig; name = "Pods-myCar-myCarUITests.release.xcconfig"; path = "Pods/Target Support Files/Pods-myCar-myCarUITests/Pods-myCar-myCarUITests.release.xcconfig"; sourceTree = "<group>"; };
		90080CF0208D8A27007A3904 /* Register.storyboard */ = {isa = PBXFileReference; lastKnownFileType = file.storyboard; path = Register.storyboard; sourceTree = "<group>"; };
		90080CF2208D8AE2007A3904 /* RegisterViewController.swift */ = {isa = PBXFileReference; lastKnownFileType = sourcecode.swift; path = RegisterViewController.swift; sourceTree = "<group>"; };
		90080CF5208D8F61007A3904 /* LogIn.storyboard */ = {isa = PBXFileReference; lastKnownFileType = file.storyboard; path = LogIn.storyboard; sourceTree = "<group>"; };
		90080CF7208D8F75007A3904 /* LogInViewController.swift */ = {isa = PBXFileReference; lastKnownFileType = sourcecode.swift; path = LogInViewController.swift; sourceTree = "<group>"; };
		901CD55520F6FE45009C87D4 /* FilterBillViewController.swift */ = {isa = PBXFileReference; lastKnownFileType = sourcecode.swift; path = FilterBillViewController.swift; sourceTree = "<group>"; };
		901CD55720F70399009C87D4 /* FilterMileageViewController.swift */ = {isa = PBXFileReference; lastKnownFileType = sourcecode.swift; path = FilterMileageViewController.swift; sourceTree = "<group>"; };
		902BE97D207B168E00418313 /* ServiceRepository.swift */ = {isa = PBXFileReference; lastKnownFileType = sourcecode.swift; path = ServiceRepository.swift; sourceTree = "<group>"; };
		902BE97F207B16B900418313 /* Service.swift */ = {isa = PBXFileReference; lastKnownFileType = sourcecode.swift; path = Service.swift; sourceTree = "<group>"; };
		902E9277203AE69700DD7E0F /* myCar.app */ = {isa = PBXFileReference; explicitFileType = wrapper.application; includeInIndex = 0; path = myCar.app; sourceTree = BUILT_PRODUCTS_DIR; };
		902E927A203AE69700DD7E0F /* AppDelegate.swift */ = {isa = PBXFileReference; lastKnownFileType = sourcecode.swift; path = AppDelegate.swift; sourceTree = "<group>"; };
		902E927C203AE69700DD7E0F /* NewCarViewController.swift */ = {isa = PBXFileReference; lastKnownFileType = sourcecode.swift; path = NewCarViewController.swift; sourceTree = "<group>"; };
		902E927F203AE69700DD7E0F /* Base */ = {isa = PBXFileReference; lastKnownFileType = file.storyboard; name = Base; path = Base.lproj/Main.storyboard; sourceTree = "<group>"; };
		902E9281203AE69700DD7E0F /* Assets.xcassets */ = {isa = PBXFileReference; lastKnownFileType = folder.assetcatalog; path = Assets.xcassets; sourceTree = "<group>"; };
		902E9284203AE69700DD7E0F /* Base */ = {isa = PBXFileReference; lastKnownFileType = file.storyboard; name = Base; path = Base.lproj/LaunchScreen.storyboard; sourceTree = "<group>"; };
		902E9286203AE69700DD7E0F /* Info.plist */ = {isa = PBXFileReference; lastKnownFileType = text.plist.xml; path = Info.plist; sourceTree = "<group>"; };
		903022E520540545009CD7D5 /* MileageRepository.swift */ = {isa = PBXFileReference; lastKnownFileType = sourcecode.swift; path = MileageRepository.swift; sourceTree = "<group>"; };
		903022E920540A6E009CD7D5 /* Mileage.swift */ = {isa = PBXFileReference; lastKnownFileType = sourcecode.swift; path = Mileage.swift; sourceTree = "<group>"; };
		903022EB2054121E009CD7D5 /* MileageTableViewCell.swift */ = {isa = PBXFileReference; lastKnownFileType = sourcecode.swift; path = MileageTableViewCell.swift; sourceTree = "<group>"; };
		903B2F8720E5DE6200AD493C /* FilterCostViewController.swift */ = {isa = PBXFileReference; lastKnownFileType = sourcecode.swift; path = FilterCostViewController.swift; sourceTree = "<group>"; };
		90438C552060C28200EBD20A /* BillRepository.swift */ = {isa = PBXFileReference; lastKnownFileType = sourcecode.swift; path = BillRepository.swift; sourceTree = "<group>"; };
		904F3737210790C600A6A63F /* UILabel+Image.swift */ = {isa = PBXFileReference; lastKnownFileType = sourcecode.swift; path = "UILabel+Image.swift"; sourceTree = "<group>"; };
		90764BC42069EA51005DF444 /* Repair.swift */ = {isa = PBXFileReference; lastKnownFileType = sourcecode.swift; path = Repair.swift; sourceTree = "<group>"; };
		90764BC62069EBF0005DF444 /* RepairRepository.swift */ = {isa = PBXFileReference; lastKnownFileType = sourcecode.swift; path = RepairRepository.swift; sourceTree = "<group>"; };
		90764BC82069ED1C005DF444 /* AddRepairViewController.swift */ = {isa = PBXFileReference; lastKnownFileType = sourcecode.swift; path = AddRepairViewController.swift; sourceTree = "<group>"; };
		90764BCA2069EF22005DF444 /* RepairTableViewCell.swift */ = {isa = PBXFileReference; lastKnownFileType = sourcecode.swift; path = RepairTableViewCell.swift; sourceTree = "<group>"; };
		90764BCC2069EFD9005DF444 /* RepairsTableViewController.swift */ = {isa = PBXFileReference; lastKnownFileType = sourcecode.swift; path = RepairsTableViewController.swift; sourceTree = "<group>"; };
		9079394C20620EDA009167ED /* AddBillViewController.swift */ = {isa = PBXFileReference; lastKnownFileType = sourcecode.swift; path = AddBillViewController.swift; sourceTree = "<group>"; };
		908AA2EB203DFDD000B102AE /* Car.swift */ = {isa = PBXFileReference; lastKnownFileType = sourcecode.swift; path = Car.swift; sourceTree = "<group>"; };
		908AA2ED203E092C00B102AE /* CarTableViewController.swift */ = {isa = PBXFileReference; lastKnownFileType = sourcecode.swift; path = CarTableViewController.swift; sourceTree = "<group>"; };
		908D871920432C0A0055EA0B /* CarRepositosory.swift */ = {isa = PBXFileReference; lastKnownFileType = sourcecode.swift; path = CarRepositosory.swift; sourceTree = "<group>"; };
		9095C8EE2088425700E27A6C /* GoogleService-Info.plist */ = {isa = PBXFileReference; fileEncoding = 4; lastKnownFileType = text.plist.xml; path = "GoogleService-Info.plist"; sourceTree = "<group>"; };
		909605A620528DF000754C2D /* MileageTableViewController.swift */ = {isa = PBXFileReference; lastKnownFileType = sourcecode.swift; path = MileageTableViewController.swift; sourceTree = "<group>"; };
		90978A9920732521000B3643 /* Mileage.storyboard */ = {isa = PBXFileReference; lastKnownFileType = file.storyboard; path = Mileage.storyboard; sourceTree = "<group>"; };
		90978A9B20732678000B3643 /* Repairs.storyboard */ = {isa = PBXFileReference; lastKnownFileType = file.storyboard; path = Repairs.storyboard; sourceTree = "<group>"; };
		90978A9D2073275E000B3643 /* Costs.storyboard */ = {isa = PBXFileReference; lastKnownFileType = file.storyboard; path = Costs.storyboard; sourceTree = "<group>"; };
		90978A9F2073279D000B3643 /* Bills.storyboard */ = {isa = PBXFileReference; lastKnownFileType = file.storyboard; path = Bills.storyboard; sourceTree = "<group>"; };
		90A5E75C206CBBE3007A78BC /* AddServiceViewController.swift */ = {isa = PBXFileReference; lastKnownFileType = sourcecode.swift; path = AddServiceViewController.swift; sourceTree = "<group>"; };
		90AF2E0E203B722B002D6B88 /* CarTableViewCell.swift */ = {isa = PBXFileReference; lastKnownFileType = sourcecode.swift; path = CarTableViewCell.swift; sourceTree = "<group>"; };
		90B7BDB62064B72B0030D398 /* Cost.swift */ = {isa = PBXFileReference; lastKnownFileType = sourcecode.swift; path = Cost.swift; sourceTree = "<group>"; };
		90B7BDB82064B8F40030D398 /* CostRepository.swift */ = {isa = PBXFileReference; lastKnownFileType = sourcecode.swift; path = CostRepository.swift; sourceTree = "<group>"; };
		90B7BDBA2064BCA70030D398 /* AddCostViewController.swift */ = {isa = PBXFileReference; lastKnownFileType = sourcecode.swift; path = AddCostViewController.swift; sourceTree = "<group>"; };
		90B7BDBC2064BFEC0030D398 /* CostsTableViewController.swift */ = {isa = PBXFileReference; lastKnownFileType = sourcecode.swift; path = CostsTableViewController.swift; sourceTree = "<group>"; };
		90B7BDBE2064C0240030D398 /* CostTableViewCell.swift */ = {isa = PBXFileReference; lastKnownFileType = sourcecode.swift; path = CostTableViewCell.swift; sourceTree = "<group>"; };
		90B85FFD207C611D00F6707D /* ServiceTableViewCell.swift */ = {isa = PBXFileReference; lastKnownFileType = sourcecode.swift; path = ServiceTableViewCell.swift; sourceTree = "<group>"; };
		90C353D420F5AE6200E6E0DA /* FilterRepairViewController.swift */ = {isa = PBXFileReference; lastKnownFileType = sourcecode.swift; path = FilterRepairViewController.swift; sourceTree = "<group>"; };
		90C353D620F5B18200E6E0DA /* FilterServiceViewController.swift */ = {isa = PBXFileReference; lastKnownFileType = sourcecode.swift; path = FilterServiceViewController.swift; sourceTree = "<group>"; };
		90D2BA24208E3E6100BA0ED7 /* Welcome.storyboard */ = {isa = PBXFileReference; lastKnownFileType = file.storyboard; path = Welcome.storyboard; sourceTree = "<group>"; };
		90D2BA26208E3E7800BA0ED7 /* WelcomeViewController.swift */ = {isa = PBXFileReference; lastKnownFileType = sourcecode.swift; path = WelcomeViewController.swift; sourceTree = "<group>"; };
		90D46BAC210EBB7700FB7D1C /* EditCostViewController.swift */ = {isa = PBXFileReference; lastKnownFileType = sourcecode.swift; path = EditCostViewController.swift; sourceTree = "<group>"; };
		90F2FE1F2053004A0022CBC6 /* CategoryViewController.swift */ = {isa = PBXFileReference; lastKnownFileType = sourcecode.swift; path = CategoryViewController.swift; sourceTree = "<group>"; };
		90F2FE21205301AB0022CBC6 /* AddMileageViewController.swift */ = {isa = PBXFileReference; lastKnownFileType = sourcecode.swift; path = AddMileageViewController.swift; sourceTree = "<group>"; };
		90FBFF2E206AA68900110FA0 /* Services.storyboard */ = {isa = PBXFileReference; lastKnownFileType = file.storyboard; path = Services.storyboard; sourceTree = "<group>"; };
		90FBFF30206AA7C800110FA0 /* ServiceTableViewController.swift */ = {isa = PBXFileReference; lastKnownFileType = sourcecode.swift; path = ServiceTableViewController.swift; sourceTree = "<group>"; };
		90FBFF33206AA8F300110FA0 /* About.storyboard */ = {isa = PBXFileReference; lastKnownFileType = file.storyboard; path = About.storyboard; sourceTree = "<group>"; };
		90FBFF35206AA98400110FA0 /* AboutViewController.swift */ = {isa = PBXFileReference; lastKnownFileType = sourcecode.swift; path = AboutViewController.swift; sourceTree = "<group>"; };
		90FE9A3E205F6B3000874867 /* BillsTableViewController.swift */ = {isa = PBXFileReference; lastKnownFileType = sourcecode.swift; path = BillsTableViewController.swift; sourceTree = "<group>"; };
		90FE9A40205F6EE500874867 /* BillsTableViewCell.swift */ = {isa = PBXFileReference; lastKnownFileType = sourcecode.swift; path = BillsTableViewCell.swift; sourceTree = "<group>"; };
		90FE9A46205F766300874867 /* Bill.swift */ = {isa = PBXFileReference; lastKnownFileType = sourcecode.swift; path = Bill.swift; sourceTree = "<group>"; };
		9D3D8E4B10258840A2144628 /* Pods-myCarTests.release.xcconfig */ = {isa = PBXFileReference; includeInIndex = 1; lastKnownFileType = text.xcconfig; name = "Pods-myCarTests.release.xcconfig"; path = "Pods/Target Support Files/Pods-myCarTests/Pods-myCarTests.release.xcconfig"; sourceTree = "<group>"; };
		BC9DE5C020BC58A90038BB05 /* myCarTests.xctest */ = {isa = PBXFileReference; explicitFileType = wrapper.cfbundle; includeInIndex = 0; path = myCarTests.xctest; sourceTree = BUILT_PRODUCTS_DIR; };
		BC9DE5C220BC58A90038BB05 /* CarTests.swift */ = {isa = PBXFileReference; lastKnownFileType = sourcecode.swift; path = CarTests.swift; sourceTree = "<group>"; };
		BC9DE5C420BC58A90038BB05 /* Info.plist */ = {isa = PBXFileReference; lastKnownFileType = text.plist.xml; path = Info.plist; sourceTree = "<group>"; };
		BCFAA69120BC5D2B000235B1 /* myCarUITests.xctest */ = {isa = PBXFileReference; explicitFileType = wrapper.cfbundle; includeInIndex = 0; path = myCarUITests.xctest; sourceTree = BUILT_PRODUCTS_DIR; };
		BCFAA69320BC5D2B000235B1 /* myCarUITests.swift */ = {isa = PBXFileReference; lastKnownFileType = sourcecode.swift; path = myCarUITests.swift; sourceTree = "<group>"; };
		BCFAA69520BC5D2B000235B1 /* Info.plist */ = {isa = PBXFileReference; lastKnownFileType = text.plist.xml; path = Info.plist; sourceTree = "<group>"; };
		BD7A2B3EC337C44840F6DB3D /* Pods-myCarTests.debug.xcconfig */ = {isa = PBXFileReference; includeInIndex = 1; lastKnownFileType = text.xcconfig; name = "Pods-myCarTests.debug.xcconfig"; path = "Pods/Target Support Files/Pods-myCarTests/Pods-myCarTests.debug.xcconfig"; sourceTree = "<group>"; };
		C14DE8B68C0A7D6706B09A13 /* Pods_myCar_myCarUITests.framework */ = {isa = PBXFileReference; explicitFileType = wrapper.framework; includeInIndex = 0; path = Pods_myCar_myCarUITests.framework; sourceTree = BUILT_PRODUCTS_DIR; };
		E2815FB90F25F58DEB88E13C /* Pods-myCar.release.xcconfig */ = {isa = PBXFileReference; includeInIndex = 1; lastKnownFileType = text.xcconfig; name = "Pods-myCar.release.xcconfig"; path = "Pods/Target Support Files/Pods-myCar/Pods-myCar.release.xcconfig"; sourceTree = "<group>"; };
		F849E9D894DEF20FFA9DB1F3 /* Pods-myCar.debug.xcconfig */ = {isa = PBXFileReference; includeInIndex = 1; lastKnownFileType = text.xcconfig; name = "Pods-myCar.debug.xcconfig"; path = "Pods/Target Support Files/Pods-myCar/Pods-myCar.debug.xcconfig"; sourceTree = "<group>"; };
/* End PBXFileReference section */

/* Begin PBXFrameworksBuildPhase section */
		902E9274203AE69700DD7E0F /* Frameworks */ = {
			isa = PBXFrameworksBuildPhase;
			buildActionMask = 2147483647;
			files = (
				E05DF24C91F488D3506DED55 /* Pods_myCar.framework in Frameworks */,
			);
			runOnlyForDeploymentPostprocessing = 0;
		};
		BC9DE5BD20BC58A90038BB05 /* Frameworks */ = {
			isa = PBXFrameworksBuildPhase;
			buildActionMask = 2147483647;
			files = (
				06D45D01DBC857F6917CEBAF /* Pods_myCarTests.framework in Frameworks */,
				4ACC87E0B278D46C92608973 /* Pods_myCar_myCarTests.framework in Frameworks */,
			);
			runOnlyForDeploymentPostprocessing = 0;
		};
		BCFAA68E20BC5D2B000235B1 /* Frameworks */ = {
			isa = PBXFrameworksBuildPhase;
			buildActionMask = 2147483647;
			files = (
				BA894C97C97DD79D251687C9 /* Pods_myCar_myCarUITests.framework in Frameworks */,
			);
			runOnlyForDeploymentPostprocessing = 0;
		};
/* End PBXFrameworksBuildPhase section */

/* Begin PBXGroup section */
		5DFA339D3D544629A1E711DD /* Pods */ = {
			isa = PBXGroup;
			children = (
				F849E9D894DEF20FFA9DB1F3 /* Pods-myCar.debug.xcconfig */,
				E2815FB90F25F58DEB88E13C /* Pods-myCar.release.xcconfig */,
				BD7A2B3EC337C44840F6DB3D /* Pods-myCarTests.debug.xcconfig */,
				9D3D8E4B10258840A2144628 /* Pods-myCarTests.release.xcconfig */,
				0873E778E08AB70CA04C10FE /* Pods-myCar-myCarTests.debug.xcconfig */,
				394CD9BF5F67245A3473E2BF /* Pods-myCar-myCarTests.release.xcconfig */,
				2390FE3679A52A4AC88FE97B /* Pods-myCar-myCarUITests.debug.xcconfig */,
				583882E83E14C863A9077ABA /* Pods-myCar-myCarUITests.release.xcconfig */,
			);
			name = Pods;
			sourceTree = "<group>";
		};
		90080CEF208D89F2007A3904 /* Register */ = {
			isa = PBXGroup;
			children = (
				90080CF0208D8A27007A3904 /* Register.storyboard */,
				90080CF2208D8AE2007A3904 /* RegisterViewController.swift */,
			);
			path = Register;
			sourceTree = "<group>";
		};
		90080CF4208D8F50007A3904 /* LogIn */ = {
			isa = PBXGroup;
			children = (
				90080CF5208D8F61007A3904 /* LogIn.storyboard */,
				90080CF7208D8F75007A3904 /* LogInViewController.swift */,
			);
			path = LogIn;
			sourceTree = "<group>";
		};
		9017AEF7206C919C00C94F7E /* Costs */ = {
			isa = PBXGroup;
			children = (
				90B7BDB62064B72B0030D398 /* Cost.swift */,
				90B7BDB82064B8F40030D398 /* CostRepository.swift */,
				90B7BDBA2064BCA70030D398 /* AddCostViewController.swift */,
				90D46BAC210EBB7700FB7D1C /* EditCostViewController.swift */,
				90B7BDBE2064C0240030D398 /* CostTableViewCell.swift */,
				90B7BDBC2064BFEC0030D398 /* CostsTableViewController.swift */,
				903B2F8720E5DE6200AD493C /* FilterCostViewController.swift */,
				90978A9D2073275E000B3643 /* Costs.storyboard */,
			);
			path = Costs;
			sourceTree = "<group>";
		};
		9017AEF8206C91BD00C94F7E /* Repairs */ = {
			isa = PBXGroup;
			children = (
				90764BC42069EA51005DF444 /* Repair.swift */,
				90764BC62069EBF0005DF444 /* RepairRepository.swift */,
				90764BC82069ED1C005DF444 /* AddRepairViewController.swift */,
				90764BCA2069EF22005DF444 /* RepairTableViewCell.swift */,
				90764BCC2069EFD9005DF444 /* RepairsTableViewController.swift */,
				90C353D420F5AE6200E6E0DA /* FilterRepairViewController.swift */,
				90978A9B20732678000B3643 /* Repairs.storyboard */,
			);
			path = Repairs;
			sourceTree = "<group>";
		};
		902E926E203AE69700DD7E0F = {
			isa = PBXGroup;
			children = (
				902E9279203AE69700DD7E0F /* myCar */,
				BC9DE5C120BC58A90038BB05 /* myCarTests */,
				BCFAA69220BC5D2B000235B1 /* myCarUITests */,
				902E9278203AE69700DD7E0F /* Products */,
				5DFA339D3D544629A1E711DD /* Pods */,
				B36280472F45193CC9BB850D /* Frameworks */,
			);
			sourceTree = "<group>";
		};
		902E9278203AE69700DD7E0F /* Products */ = {
			isa = PBXGroup;
			children = (
				902E9277203AE69700DD7E0F /* myCar.app */,
				BC9DE5C020BC58A90038BB05 /* myCarTests.xctest */,
				BCFAA69120BC5D2B000235B1 /* myCarUITests.xctest */,
			);
			name = Products;
			sourceTree = "<group>";
		};
		902E9279203AE69700DD7E0F /* myCar */ = {
			isa = PBXGroup;
			children = (
				90D2BA23208E3E5200BA0ED7 /* Welcome */,
				90080CF4208D8F50007A3904 /* LogIn */,
				90080CEF208D89F2007A3904 /* Register */,
				902E927A203AE69700DD7E0F /* AppDelegate.swift */,
				902E927E203AE69700DD7E0F /* Main.storyboard */,
				90FBFF2B206AA2FD00110FA0 /* Car */,
				9017AEF8206C91BD00C94F7E /* Repairs */,
				9017AEF7206C919C00C94F7E /* Costs */,
				90FBFF32206AA8E100110FA0 /* About */,
				90FBFF2D206AA5F000110FA0 /* Service */,
				90FBFF2C206AA32500110FA0 /* Bill */,
				90FBFF2A206AA2D300110FA0 /* Mileage */,
				902E9281203AE69700DD7E0F /* Assets.xcassets */,
				902E9283203AE69700DD7E0F /* LaunchScreen.storyboard */,
				902E9286203AE69700DD7E0F /* Info.plist */,
				9095C8EE2088425700E27A6C /* GoogleService-Info.plist */,
				904F3737210790C600A6A63F /* UILabel+Image.swift */,
			);
			path = myCar;
			sourceTree = "<group>";
		};
		90D2BA23208E3E5200BA0ED7 /* Welcome */ = {
			isa = PBXGroup;
			children = (
				90D2BA24208E3E6100BA0ED7 /* Welcome.storyboard */,
				90D2BA26208E3E7800BA0ED7 /* WelcomeViewController.swift */,
			);
			path = Welcome;
			sourceTree = "<group>";
		};
		90FBFF2A206AA2D300110FA0 /* Mileage */ = {
			isa = PBXGroup;
			children = (
				903022E920540A6E009CD7D5 /* Mileage.swift */,
				903022E520540545009CD7D5 /* MileageRepository.swift */,
				90F2FE21205301AB0022CBC6 /* AddMileageViewController.swift */,
				903022EB2054121E009CD7D5 /* MileageTableViewCell.swift */,
				909605A620528DF000754C2D /* MileageTableViewController.swift */,
				901CD55720F70399009C87D4 /* FilterMileageViewController.swift */,
				90978A9920732521000B3643 /* Mileage.storyboard */,
			);
			path = Mileage;
			sourceTree = "<group>";
		};
		90FBFF2B206AA2FD00110FA0 /* Car */ = {
			isa = PBXGroup;
			children = (
				908AA2EB203DFDD000B102AE /* Car.swift */,
				908D871920432C0A0055EA0B /* CarRepositosory.swift */,
				902E927C203AE69700DD7E0F /* NewCarViewController.swift */,
				90AF2E0E203B722B002D6B88 /* CarTableViewCell.swift */,
				90F2FE1F2053004A0022CBC6 /* CategoryViewController.swift */,
				908AA2ED203E092C00B102AE /* CarTableViewController.swift */,
			);
			path = Car;
			sourceTree = "<group>";
		};
		90FBFF2C206AA32500110FA0 /* Bill */ = {
			isa = PBXGroup;
			children = (
				90FE9A46205F766300874867 /* Bill.swift */,
				90438C552060C28200EBD20A /* BillRepository.swift */,
				9079394C20620EDA009167ED /* AddBillViewController.swift */,
				90FE9A40205F6EE500874867 /* BillsTableViewCell.swift */,
				90FE9A3E205F6B3000874867 /* BillsTableViewController.swift */,
				901CD55520F6FE45009C87D4 /* FilterBillViewController.swift */,
				90978A9F2073279D000B3643 /* Bills.storyboard */,
			);
			path = Bill;
			sourceTree = "<group>";
		};
		90FBFF2D206AA5F000110FA0 /* Service */ = {
			isa = PBXGroup;
			children = (
				90FBFF2E206AA68900110FA0 /* Services.storyboard */,
				902BE97F207B16B900418313 /* Service.swift */,
				902BE97D207B168E00418313 /* ServiceRepository.swift */,
				90A5E75C206CBBE3007A78BC /* AddServiceViewController.swift */,
				90B85FFD207C611D00F6707D /* ServiceTableViewCell.swift */,
				90FBFF30206AA7C800110FA0 /* ServiceTableViewController.swift */,
				90C353D620F5B18200E6E0DA /* FilterServiceViewController.swift */,
			);
			path = Service;
			sourceTree = "<group>";
		};
		90FBFF32206AA8E100110FA0 /* About */ = {
			isa = PBXGroup;
			children = (
				90FBFF33206AA8F300110FA0 /* About.storyboard */,
				90FBFF35206AA98400110FA0 /* AboutViewController.swift */,
			);
			path = About;
			sourceTree = "<group>";
		};
		B36280472F45193CC9BB850D /* Frameworks */ = {
			isa = PBXGroup;
			children = (
				41F3BD8ECD63C1CAB3611CFC /* Pods_myCar.framework */,
				025E67E90BB4307F8E8D076C /* Pods_myCarTests.framework */,
				0B9480C674178E267DCB6FFE /* Pods_myCar_myCarTests.framework */,
				C14DE8B68C0A7D6706B09A13 /* Pods_myCar_myCarUITests.framework */,
			);
			name = Frameworks;
			sourceTree = "<group>";
		};
		BC9DE5C120BC58A90038BB05 /* myCarTests */ = {
			isa = PBXGroup;
			children = (
				BC9DE5C220BC58A90038BB05 /* CarTests.swift */,
				BC9DE5C420BC58A90038BB05 /* Info.plist */,
			);
			path = myCarTests;
			sourceTree = "<group>";
		};
		BCFAA69220BC5D2B000235B1 /* myCarUITests */ = {
			isa = PBXGroup;
			children = (
				BCFAA69320BC5D2B000235B1 /* myCarUITests.swift */,
				BCFAA69520BC5D2B000235B1 /* Info.plist */,
			);
			path = myCarUITests;
			sourceTree = "<group>";
		};
/* End PBXGroup section */

/* Begin PBXNativeTarget section */
		902E9276203AE69700DD7E0F /* myCar */ = {
			isa = PBXNativeTarget;
			buildConfigurationList = 902E9289203AE69700DD7E0F /* Build configuration list for PBXNativeTarget "myCar" */;
			buildPhases = (
				78903083CBEC2545CE5E91CE /* [CP] Check Pods Manifest.lock */,
				902E9273203AE69700DD7E0F /* Sources */,
				902E9274203AE69700DD7E0F /* Frameworks */,
				902E9275203AE69700DD7E0F /* Resources */,
				EF91A54F559B163CE84F576B /* [CP] Embed Pods Frameworks */,
			);
			buildRules = (
			);
			dependencies = (
			);
			name = myCar;
			productName = myCar;
			productReference = 902E9277203AE69700DD7E0F /* myCar.app */;
			productType = "com.apple.product-type.application";
		};
		BC9DE5BF20BC58A90038BB05 /* myCarTests */ = {
			isa = PBXNativeTarget;
			buildConfigurationList = BC9DE5C920BC58A90038BB05 /* Build configuration list for PBXNativeTarget "myCarTests" */;
			buildPhases = (
				5879A13E2BE2838077767E16 /* [CP] Check Pods Manifest.lock */,
				BC9DE5BC20BC58A90038BB05 /* Sources */,
				BC9DE5BD20BC58A90038BB05 /* Frameworks */,
				BC9DE5BE20BC58A90038BB05 /* Resources */,
				A04C8EF8D7D66FE052A02E2C /* [CP] Embed Pods Frameworks */,
			);
			buildRules = (
			);
			dependencies = (
				BC9DE5C620BC58A90038BB05 /* PBXTargetDependency */,
			);
			name = myCarTests;
			productName = myCarTests;
			productReference = BC9DE5C020BC58A90038BB05 /* myCarTests.xctest */;
			productType = "com.apple.product-type.bundle.unit-test";
		};
		BCFAA69020BC5D2B000235B1 /* myCarUITests */ = {
			isa = PBXNativeTarget;
			buildConfigurationList = BCFAA69A20BC5D2B000235B1 /* Build configuration list for PBXNativeTarget "myCarUITests" */;
			buildPhases = (
				F368EAEF685CEDE59121FE20 /* [CP] Check Pods Manifest.lock */,
				BCFAA68D20BC5D2B000235B1 /* Sources */,
				BCFAA68E20BC5D2B000235B1 /* Frameworks */,
				BCFAA68F20BC5D2B000235B1 /* Resources */,
				5727CF94C656F4192BDABEEE /* [CP] Embed Pods Frameworks */,
			);
			buildRules = (
			);
			dependencies = (
				BCFAA69720BC5D2B000235B1 /* PBXTargetDependency */,
			);
			name = myCarUITests;
			productName = myCarUITests;
			productReference = BCFAA69120BC5D2B000235B1 /* myCarUITests.xctest */;
			productType = "com.apple.product-type.bundle.ui-testing";
		};
/* End PBXNativeTarget section */

/* Begin PBXProject section */
		902E926F203AE69700DD7E0F /* Project object */ = {
			isa = PBXProject;
			attributes = {
				LastSwiftUpdateCheck = 0930;
				LastUpgradeCheck = 0920;
				ORGANIZATIONNAME = "Michał Gawryluk";
				TargetAttributes = {
					902E9276203AE69700DD7E0F = {
						CreatedOnToolsVersion = 9.2;
						ProvisioningStyle = Automatic;
					};
					BC9DE5BF20BC58A90038BB05 = {
						CreatedOnToolsVersion = 9.3.1;
						ProvisioningStyle = Automatic;
						TestTargetID = 902E9276203AE69700DD7E0F;
					};
					BCFAA69020BC5D2B000235B1 = {
						CreatedOnToolsVersion = 9.3.1;
						ProvisioningStyle = Automatic;
						TestTargetID = 902E9276203AE69700DD7E0F;
					};
				};
			};
			buildConfigurationList = 902E9272203AE69700DD7E0F /* Build configuration list for PBXProject "myCar" */;
			compatibilityVersion = "Xcode 8.0";
			developmentRegion = en;
			hasScannedForEncodings = 0;
			knownRegions = (
				en,
				Base,
			);
			mainGroup = 902E926E203AE69700DD7E0F;
			productRefGroup = 902E9278203AE69700DD7E0F /* Products */;
			projectDirPath = "";
			projectRoot = "";
			targets = (
				902E9276203AE69700DD7E0F /* myCar */,
				BC9DE5BF20BC58A90038BB05 /* myCarTests */,
				BCFAA69020BC5D2B000235B1 /* myCarUITests */,
			);
		};
/* End PBXProject section */

/* Begin PBXResourcesBuildPhase section */
		902E9275203AE69700DD7E0F /* Resources */ = {
			isa = PBXResourcesBuildPhase;
			buildActionMask = 2147483647;
			files = (
				90080CF1208D8A27007A3904 /* Register.storyboard in Resources */,
				90978AA02073279D000B3643 /* Bills.storyboard in Resources */,
				902E9285203AE69700DD7E0F /* LaunchScreen.storyboard in Resources */,
				90978A9A20732521000B3643 /* Mileage.storyboard in Resources */,
				90080CF6208D8F61007A3904 /* LogIn.storyboard in Resources */,
				90FBFF34206AA8F300110FA0 /* About.storyboard in Resources */,
				90978A9E2073275E000B3643 /* Costs.storyboard in Resources */,
				902E9282203AE69700DD7E0F /* Assets.xcassets in Resources */,
				90FBFF2F206AA68900110FA0 /* Services.storyboard in Resources */,
				90D2BA25208E3E6100BA0ED7 /* Welcome.storyboard in Resources */,
				906EB7A92088455C00676053 /* GoogleService-Info.plist in Resources */,
				90978A9C20732678000B3643 /* Repairs.storyboard in Resources */,
				902E9280203AE69700DD7E0F /* Main.storyboard in Resources */,
			);
			runOnlyForDeploymentPostprocessing = 0;
		};
		BC9DE5BE20BC58A90038BB05 /* Resources */ = {
			isa = PBXResourcesBuildPhase;
			buildActionMask = 2147483647;
			files = (
			);
			runOnlyForDeploymentPostprocessing = 0;
		};
		BCFAA68F20BC5D2B000235B1 /* Resources */ = {
			isa = PBXResourcesBuildPhase;
			buildActionMask = 2147483647;
			files = (
			);
			runOnlyForDeploymentPostprocessing = 0;
		};
/* End PBXResourcesBuildPhase section */

/* Begin PBXShellScriptBuildPhase section */
		5727CF94C656F4192BDABEEE /* [CP] Embed Pods Frameworks */ = {
			isa = PBXShellScriptBuildPhase;
			buildActionMask = 2147483647;
			files = (
			);
			inputPaths = (
				"${SRCROOT}/Pods/Target Support Files/Pods-myCar-myCarUITests/Pods-myCar-myCarUITests-frameworks.sh",
				"${BUILT_PRODUCTS_DIR}/ChameleonFramework/ChameleonFramework.framework",
				"${BUILT_PRODUCTS_DIR}/GTMSessionFetcher/GTMSessionFetcher.framework",
				"${BUILT_PRODUCTS_DIR}/GoogleToolboxForMac/GoogleToolboxForMac.framework",
				"${BUILT_PRODUCTS_DIR}/SVProgressHUD/SVProgressHUD.framework",
				"${BUILT_PRODUCTS_DIR}/leveldb-library/leveldb.framework",
				"${BUILT_PRODUCTS_DIR}/nanopb/nanopb.framework",
			);
			name = "[CP] Embed Pods Frameworks";
			outputPaths = (
				"${TARGET_BUILD_DIR}/${FRAMEWORKS_FOLDER_PATH}/ChameleonFramework.framework",
				"${TARGET_BUILD_DIR}/${FRAMEWORKS_FOLDER_PATH}/GTMSessionFetcher.framework",
				"${TARGET_BUILD_DIR}/${FRAMEWORKS_FOLDER_PATH}/GoogleToolboxForMac.framework",
				"${TARGET_BUILD_DIR}/${FRAMEWORKS_FOLDER_PATH}/SVProgressHUD.framework",
				"${TARGET_BUILD_DIR}/${FRAMEWORKS_FOLDER_PATH}/leveldb.framework",
				"${TARGET_BUILD_DIR}/${FRAMEWORKS_FOLDER_PATH}/nanopb.framework",
			);
			runOnlyForDeploymentPostprocessing = 0;
			shellPath = /bin/sh;
			shellScript = "\"${SRCROOT}/Pods/Target Support Files/Pods-myCar-myCarUITests/Pods-myCar-myCarUITests-frameworks.sh\"\n";
			showEnvVarsInLog = 0;
		};
		5879A13E2BE2838077767E16 /* [CP] Check Pods Manifest.lock */ = {
			isa = PBXShellScriptBuildPhase;
			buildActionMask = 2147483647;
			files = (
			);
			inputPaths = (
				"${PODS_PODFILE_DIR_PATH}/Podfile.lock",
				"${PODS_ROOT}/Manifest.lock",
			);
			name = "[CP] Check Pods Manifest.lock";
			outputPaths = (
				"$(DERIVED_FILE_DIR)/Pods-myCar-myCarTests-checkManifestLockResult.txt",
			);
			runOnlyForDeploymentPostprocessing = 0;
			shellPath = /bin/sh;
			shellScript = "diff \"${PODS_PODFILE_DIR_PATH}/Podfile.lock\" \"${PODS_ROOT}/Manifest.lock\" > /dev/null\nif [ $? != 0 ] ; then\n    # print error to STDERR\n    echo \"error: The sandbox is not in sync with the Podfile.lock. Run 'pod install' or update your CocoaPods installation.\" >&2\n    exit 1\nfi\n# This output is used by Xcode 'outputs' to avoid re-running this script phase.\necho \"SUCCESS\" > \"${SCRIPT_OUTPUT_FILE_0}\"\n";
			showEnvVarsInLog = 0;
		};
		78903083CBEC2545CE5E91CE /* [CP] Check Pods Manifest.lock */ = {
			isa = PBXShellScriptBuildPhase;
			buildActionMask = 2147483647;
			files = (
			);
			inputPaths = (
				"${PODS_PODFILE_DIR_PATH}/Podfile.lock",
				"${PODS_ROOT}/Manifest.lock",
			);
			name = "[CP] Check Pods Manifest.lock";
			outputPaths = (
				"$(DERIVED_FILE_DIR)/Pods-myCar-checkManifestLockResult.txt",
			);
			runOnlyForDeploymentPostprocessing = 0;
			shellPath = /bin/sh;
			shellScript = "diff \"${PODS_PODFILE_DIR_PATH}/Podfile.lock\" \"${PODS_ROOT}/Manifest.lock\" > /dev/null\nif [ $? != 0 ] ; then\n    # print error to STDERR\n    echo \"error: The sandbox is not in sync with the Podfile.lock. Run 'pod install' or update your CocoaPods installation.\" >&2\n    exit 1\nfi\n# This output is used by Xcode 'outputs' to avoid re-running this script phase.\necho \"SUCCESS\" > \"${SCRIPT_OUTPUT_FILE_0}\"\n";
			showEnvVarsInLog = 0;
		};
		A04C8EF8D7D66FE052A02E2C /* [CP] Embed Pods Frameworks */ = {
			isa = PBXShellScriptBuildPhase;
			buildActionMask = 2147483647;
			files = (
			);
			inputPaths = (
				"${SRCROOT}/Pods/Target Support Files/Pods-myCar-myCarTests/Pods-myCar-myCarTests-frameworks.sh",
				"${BUILT_PRODUCTS_DIR}/ChameleonFramework/ChameleonFramework.framework",
				"${BUILT_PRODUCTS_DIR}/GTMSessionFetcher/GTMSessionFetcher.framework",
				"${BUILT_PRODUCTS_DIR}/GoogleToolboxForMac/GoogleToolboxForMac.framework",
				"${BUILT_PRODUCTS_DIR}/SVProgressHUD/SVProgressHUD.framework",
				"${BUILT_PRODUCTS_DIR}/leveldb-library/leveldb.framework",
				"${BUILT_PRODUCTS_DIR}/nanopb/nanopb.framework",
			);
			name = "[CP] Embed Pods Frameworks";
			outputPaths = (
				"${TARGET_BUILD_DIR}/${FRAMEWORKS_FOLDER_PATH}/ChameleonFramework.framework",
				"${TARGET_BUILD_DIR}/${FRAMEWORKS_FOLDER_PATH}/GTMSessionFetcher.framework",
				"${TARGET_BUILD_DIR}/${FRAMEWORKS_FOLDER_PATH}/GoogleToolboxForMac.framework",
				"${TARGET_BUILD_DIR}/${FRAMEWORKS_FOLDER_PATH}/SVProgressHUD.framework",
				"${TARGET_BUILD_DIR}/${FRAMEWORKS_FOLDER_PATH}/leveldb.framework",
				"${TARGET_BUILD_DIR}/${FRAMEWORKS_FOLDER_PATH}/nanopb.framework",
			);
			runOnlyForDeploymentPostprocessing = 0;
			shellPath = /bin/sh;
			shellScript = "\"${SRCROOT}/Pods/Target Support Files/Pods-myCar-myCarTests/Pods-myCar-myCarTests-frameworks.sh\"\n";
			showEnvVarsInLog = 0;
		};
		EF91A54F559B163CE84F576B /* [CP] Embed Pods Frameworks */ = {
			isa = PBXShellScriptBuildPhase;
			buildActionMask = 2147483647;
			files = (
			);
			inputPaths = (
				"${SRCROOT}/Pods/Target Support Files/Pods-myCar/Pods-myCar-frameworks.sh",
				"${BUILT_PRODUCTS_DIR}/ChameleonFramework/ChameleonFramework.framework",
				"${BUILT_PRODUCTS_DIR}/GTMSessionFetcher/GTMSessionFetcher.framework",
				"${BUILT_PRODUCTS_DIR}/GoogleToolboxForMac/GoogleToolboxForMac.framework",
				"${BUILT_PRODUCTS_DIR}/SVProgressHUD/SVProgressHUD.framework",
				"${BUILT_PRODUCTS_DIR}/leveldb-library/leveldb.framework",
				"${BUILT_PRODUCTS_DIR}/nanopb/nanopb.framework",
			);
			name = "[CP] Embed Pods Frameworks";
			outputPaths = (
				"${TARGET_BUILD_DIR}/${FRAMEWORKS_FOLDER_PATH}/ChameleonFramework.framework",
				"${TARGET_BUILD_DIR}/${FRAMEWORKS_FOLDER_PATH}/GTMSessionFetcher.framework",
				"${TARGET_BUILD_DIR}/${FRAMEWORKS_FOLDER_PATH}/GoogleToolboxForMac.framework",
				"${TARGET_BUILD_DIR}/${FRAMEWORKS_FOLDER_PATH}/SVProgressHUD.framework",
				"${TARGET_BUILD_DIR}/${FRAMEWORKS_FOLDER_PATH}/leveldb.framework",
				"${TARGET_BUILD_DIR}/${FRAMEWORKS_FOLDER_PATH}/nanopb.framework",
			);
			runOnlyForDeploymentPostprocessing = 0;
			shellPath = /bin/sh;
			shellScript = "\"${SRCROOT}/Pods/Target Support Files/Pods-myCar/Pods-myCar-frameworks.sh\"\n";
			showEnvVarsInLog = 0;
		};
		F368EAEF685CEDE59121FE20 /* [CP] Check Pods Manifest.lock */ = {
			isa = PBXShellScriptBuildPhase;
			buildActionMask = 2147483647;
			files = (
			);
			inputPaths = (
				"${PODS_PODFILE_DIR_PATH}/Podfile.lock",
				"${PODS_ROOT}/Manifest.lock",
			);
			name = "[CP] Check Pods Manifest.lock";
			outputPaths = (
				"$(DERIVED_FILE_DIR)/Pods-myCar-myCarUITests-checkManifestLockResult.txt",
			);
			runOnlyForDeploymentPostprocessing = 0;
			shellPath = /bin/sh;
			shellScript = "diff \"${PODS_PODFILE_DIR_PATH}/Podfile.lock\" \"${PODS_ROOT}/Manifest.lock\" > /dev/null\nif [ $? != 0 ] ; then\n    # print error to STDERR\n    echo \"error: The sandbox is not in sync with the Podfile.lock. Run 'pod install' or update your CocoaPods installation.\" >&2\n    exit 1\nfi\n# This output is used by Xcode 'outputs' to avoid re-running this script phase.\necho \"SUCCESS\" > \"${SCRIPT_OUTPUT_FILE_0}\"\n";
			showEnvVarsInLog = 0;
		};
/* End PBXShellScriptBuildPhase section */

/* Begin PBXSourcesBuildPhase section */
		902E9273203AE69700DD7E0F /* Sources */ = {
			isa = PBXSourcesBuildPhase;
			buildActionMask = 2147483647;
			files = (
				90B7BDB72064B72B0030D398 /* Cost.swift in Sources */,
				90B7BDB92064B8F40030D398 /* CostRepository.swift in Sources */,
				90FBFF31206AA7C800110FA0 /* ServiceTableViewController.swift in Sources */,
				90080CF8208D8F75007A3904 /* LogInViewController.swift in Sources */,
				902E927D203AE69700DD7E0F /* NewCarViewController.swift in Sources */,
				90080CF3208D8AE2007A3904 /* RegisterViewController.swift in Sources */,
				90C353D520F5AE6200E6E0DA /* FilterRepairViewController.swift in Sources */,
				90B85FFE207C611D00F6707D /* ServiceTableViewCell.swift in Sources */,
				90B7BDBB2064BCA70030D398 /* AddCostViewController.swift in Sources */,
				902E927B203AE69700DD7E0F /* AppDelegate.swift in Sources */,
				90D2BA27208E3E7800BA0ED7 /* WelcomeViewController.swift in Sources */,
				90438C562060C28200EBD20A /* BillRepository.swift in Sources */,
				908AA2EE203E092C00B102AE /* CarTableViewController.swift in Sources */,
				9079394D20620EDA009167ED /* AddBillViewController.swift in Sources */,
				908AA2EC203DFDD000B102AE /* Car.swift in Sources */,
				90764BC52069EA51005DF444 /* Repair.swift in Sources */,
				90C353D720F5B18200E6E0DA /* FilterServiceViewController.swift in Sources */,
				902BE97E207B168E00418313 /* ServiceRepository.swift in Sources */,
				90FE9A41205F6EE500874867 /* BillsTableViewCell.swift in Sources */,
				90764BC92069ED1C005DF444 /* AddRepairViewController.swift in Sources */,
				903022E620540545009CD7D5 /* MileageRepository.swift in Sources */,
				90764BC72069EBF0005DF444 /* RepairRepository.swift in Sources */,
				908D871A20432C0B0055EA0B /* CarRepositosory.swift in Sources */,
				90D46BAD210EBB7700FB7D1C /* EditCostViewController.swift in Sources */,
				903B2F8820E5DE6200AD493C /* FilterCostViewController.swift in Sources */,
				903022EA20540A6E009CD7D5 /* Mileage.swift in Sources */,
				901CD55620F6FE45009C87D4 /* FilterBillViewController.swift in Sources */,
				90F2FE22205301AB0022CBC6 /* AddMileageViewController.swift in Sources */,
				90FE9A3F205F6B3000874867 /* BillsTableViewController.swift in Sources */,
				904F3738210790C600A6A63F /* UILabel+Image.swift in Sources */,
				903022EC2054121E009CD7D5 /* MileageTableViewCell.swift in Sources */,
				90B7BDBD2064BFEC0030D398 /* CostsTableViewController.swift in Sources */,
				90FE9A47205F766300874867 /* Bill.swift in Sources */,
				90764BCD2069EFD9005DF444 /* RepairsTableViewController.swift in Sources */,
				909605A720528DF000754C2D /* MileageTableViewController.swift in Sources */,
				902BE980207B16B900418313 /* Service.swift in Sources */,
				90AF2E0F203B722B002D6B88 /* CarTableViewCell.swift in Sources */,
				90B7BDBF2064C0240030D398 /* CostTableViewCell.swift in Sources */,
				90A5E75D206CBBE3007A78BC /* AddServiceViewController.swift in Sources */,
				901CD55820F70399009C87D4 /* FilterMileageViewController.swift in Sources */,
				90FBFF36206AA98400110FA0 /* AboutViewController.swift in Sources */,
				90764BCB2069EF22005DF444 /* RepairTableViewCell.swift in Sources */,
				90F2FE202053004A0022CBC6 /* CategoryViewController.swift in Sources */,
			);
			runOnlyForDeploymentPostprocessing = 0;
		};
		BC9DE5BC20BC58A90038BB05 /* Sources */ = {
			isa = PBXSourcesBuildPhase;
			buildActionMask = 2147483647;
			files = (
				BC9DE5C320BC58A90038BB05 /* CarTests.swift in Sources */,
			);
			runOnlyForDeploymentPostprocessing = 0;
		};
		BCFAA68D20BC5D2B000235B1 /* Sources */ = {
			isa = PBXSourcesBuildPhase;
			buildActionMask = 2147483647;
			files = (
				BCFAA69420BC5D2B000235B1 /* myCarUITests.swift in Sources */,
			);
			runOnlyForDeploymentPostprocessing = 0;
		};
/* End PBXSourcesBuildPhase section */

/* Begin PBXTargetDependency section */
		BC9DE5C620BC58A90038BB05 /* PBXTargetDependency */ = {
			isa = PBXTargetDependency;
			target = 902E9276203AE69700DD7E0F /* myCar */;
			targetProxy = BC9DE5C520BC58A90038BB05 /* PBXContainerItemProxy */;
		};
		BCFAA69720BC5D2B000235B1 /* PBXTargetDependency */ = {
			isa = PBXTargetDependency;
			target = 902E9276203AE69700DD7E0F /* myCar */;
			targetProxy = BCFAA69620BC5D2B000235B1 /* PBXContainerItemProxy */;
		};
/* End PBXTargetDependency section */

/* Begin PBXVariantGroup section */
		902E927E203AE69700DD7E0F /* Main.storyboard */ = {
			isa = PBXVariantGroup;
			children = (
				902E927F203AE69700DD7E0F /* Base */,
			);
			name = Main.storyboard;
			sourceTree = "<group>";
		};
		902E9283203AE69700DD7E0F /* LaunchScreen.storyboard */ = {
			isa = PBXVariantGroup;
			children = (
				902E9284203AE69700DD7E0F /* Base */,
			);
			name = LaunchScreen.storyboard;
			sourceTree = "<group>";
		};
/* End PBXVariantGroup section */

/* Begin XCBuildConfiguration section */
		902E9287203AE69700DD7E0F /* Debug */ = {
			isa = XCBuildConfiguration;
			buildSettings = {
				ALWAYS_SEARCH_USER_PATHS = NO;
				CLANG_ANALYZER_NONNULL = YES;
				CLANG_ANALYZER_NUMBER_OBJECT_CONVERSION = YES_AGGRESSIVE;
				CLANG_CXX_LANGUAGE_STANDARD = "gnu++14";
				CLANG_CXX_LIBRARY = "libc++";
				CLANG_ENABLE_MODULES = YES;
				CLANG_ENABLE_OBJC_ARC = YES;
				CLANG_WARN_BLOCK_CAPTURE_AUTORELEASING = YES;
				CLANG_WARN_BOOL_CONVERSION = YES;
				CLANG_WARN_COMMA = YES;
				CLANG_WARN_CONSTANT_CONVERSION = YES;
				CLANG_WARN_DIRECT_OBJC_ISA_USAGE = YES_ERROR;
				CLANG_WARN_DOCUMENTATION_COMMENTS = YES;
				CLANG_WARN_EMPTY_BODY = YES;
				CLANG_WARN_ENUM_CONVERSION = YES;
				CLANG_WARN_INFINITE_RECURSION = YES;
				CLANG_WARN_INT_CONVERSION = YES;
				CLANG_WARN_NON_LITERAL_NULL_CONVERSION = YES;
				CLANG_WARN_OBJC_LITERAL_CONVERSION = YES;
				CLANG_WARN_OBJC_ROOT_CLASS = YES_ERROR;
				CLANG_WARN_RANGE_LOOP_ANALYSIS = YES;
				CLANG_WARN_STRICT_PROTOTYPES = YES;
				CLANG_WARN_SUSPICIOUS_MOVE = YES;
				CLANG_WARN_UNGUARDED_AVAILABILITY = YES_AGGRESSIVE;
				CLANG_WARN_UNREACHABLE_CODE = YES;
				CLANG_WARN__DUPLICATE_METHOD_MATCH = YES;
				CODE_SIGN_IDENTITY = "iPhone Developer";
				COPY_PHASE_STRIP = NO;
				DEBUG_INFORMATION_FORMAT = dwarf;
				ENABLE_STRICT_OBJC_MSGSEND = YES;
				ENABLE_TESTABILITY = YES;
				GCC_C_LANGUAGE_STANDARD = gnu11;
				GCC_DYNAMIC_NO_PIC = NO;
				GCC_NO_COMMON_BLOCKS = YES;
				GCC_OPTIMIZATION_LEVEL = 0;
				GCC_PREPROCESSOR_DEFINITIONS = (
					"DEBUG=1",
					"$(inherited)",
				);
				GCC_WARN_64_TO_32_BIT_CONVERSION = YES;
				GCC_WARN_ABOUT_RETURN_TYPE = YES_ERROR;
				GCC_WARN_UNDECLARED_SELECTOR = YES;
				GCC_WARN_UNINITIALIZED_AUTOS = YES_AGGRESSIVE;
				GCC_WARN_UNUSED_FUNCTION = YES;
				GCC_WARN_UNUSED_VARIABLE = YES;
				IPHONEOS_DEPLOYMENT_TARGET = 11.2;
				MTL_ENABLE_DEBUG_INFO = YES;
				ONLY_ACTIVE_ARCH = YES;
				SDKROOT = iphoneos;
				SWIFT_ACTIVE_COMPILATION_CONDITIONS = DEBUG;
				SWIFT_OPTIMIZATION_LEVEL = "-Onone";
			};
			name = Debug;
		};
		902E9288203AE69700DD7E0F /* Release */ = {
			isa = XCBuildConfiguration;
			buildSettings = {
				ALWAYS_SEARCH_USER_PATHS = NO;
				CLANG_ANALYZER_NONNULL = YES;
				CLANG_ANALYZER_NUMBER_OBJECT_CONVERSION = YES_AGGRESSIVE;
				CLANG_CXX_LANGUAGE_STANDARD = "gnu++14";
				CLANG_CXX_LIBRARY = "libc++";
				CLANG_ENABLE_MODULES = YES;
				CLANG_ENABLE_OBJC_ARC = YES;
				CLANG_WARN_BLOCK_CAPTURE_AUTORELEASING = YES;
				CLANG_WARN_BOOL_CONVERSION = YES;
				CLANG_WARN_COMMA = YES;
				CLANG_WARN_CONSTANT_CONVERSION = YES;
				CLANG_WARN_DIRECT_OBJC_ISA_USAGE = YES_ERROR;
				CLANG_WARN_DOCUMENTATION_COMMENTS = YES;
				CLANG_WARN_EMPTY_BODY = YES;
				CLANG_WARN_ENUM_CONVERSION = YES;
				CLANG_WARN_INFINITE_RECURSION = YES;
				CLANG_WARN_INT_CONVERSION = YES;
				CLANG_WARN_NON_LITERAL_NULL_CONVERSION = YES;
				CLANG_WARN_OBJC_LITERAL_CONVERSION = YES;
				CLANG_WARN_OBJC_ROOT_CLASS = YES_ERROR;
				CLANG_WARN_RANGE_LOOP_ANALYSIS = YES;
				CLANG_WARN_STRICT_PROTOTYPES = YES;
				CLANG_WARN_SUSPICIOUS_MOVE = YES;
				CLANG_WARN_UNGUARDED_AVAILABILITY = YES_AGGRESSIVE;
				CLANG_WARN_UNREACHABLE_CODE = YES;
				CLANG_WARN__DUPLICATE_METHOD_MATCH = YES;
				CODE_SIGN_IDENTITY = "iPhone Developer";
				COPY_PHASE_STRIP = NO;
				DEBUG_INFORMATION_FORMAT = "dwarf-with-dsym";
				ENABLE_NS_ASSERTIONS = NO;
				ENABLE_STRICT_OBJC_MSGSEND = YES;
				GCC_C_LANGUAGE_STANDARD = gnu11;
				GCC_NO_COMMON_BLOCKS = YES;
				GCC_WARN_64_TO_32_BIT_CONVERSION = YES;
				GCC_WARN_ABOUT_RETURN_TYPE = YES_ERROR;
				GCC_WARN_UNDECLARED_SELECTOR = YES;
				GCC_WARN_UNINITIALIZED_AUTOS = YES_AGGRESSIVE;
				GCC_WARN_UNUSED_FUNCTION = YES;
				GCC_WARN_UNUSED_VARIABLE = YES;
				IPHONEOS_DEPLOYMENT_TARGET = 11.2;
				MTL_ENABLE_DEBUG_INFO = NO;
				SDKROOT = iphoneos;
				SWIFT_OPTIMIZATION_LEVEL = "-Owholemodule";
				VALIDATE_PRODUCT = YES;
			};
			name = Release;
		};
		902E928A203AE69700DD7E0F /* Debug */ = {
			isa = XCBuildConfiguration;
			baseConfigurationReference = F849E9D894DEF20FFA9DB1F3 /* Pods-myCar.debug.xcconfig */;
			buildSettings = {
				ASSETCATALOG_COMPILER_APPICON_NAME = AppIcon;
				CODE_SIGN_STYLE = Automatic;
				DEVELOPMENT_TEAM = 26TNT78XP5;
				INFOPLIST_FILE = myCar/Info.plist;
				LD_RUNPATH_SEARCH_PATHS = "$(inherited) @executable_path/Frameworks";
				PRODUCT_BUNDLE_IDENTIFIER = com.michalgawryluk.myCar;
				PRODUCT_NAME = "$(TARGET_NAME)";
				SWIFT_VERSION = 4.0;
				TARGETED_DEVICE_FAMILY = "1,2";
			};
			name = Debug;
		};
		902E928B203AE69700DD7E0F /* Release */ = {
			isa = XCBuildConfiguration;
			baseConfigurationReference = E2815FB90F25F58DEB88E13C /* Pods-myCar.release.xcconfig */;
			buildSettings = {
				ASSETCATALOG_COMPILER_APPICON_NAME = AppIcon;
				CODE_SIGN_STYLE = Automatic;
				DEVELOPMENT_TEAM = 26TNT78XP5;
				INFOPLIST_FILE = myCar/Info.plist;
				LD_RUNPATH_SEARCH_PATHS = "$(inherited) @executable_path/Frameworks";
				PRODUCT_BUNDLE_IDENTIFIER = com.michalgawryluk.myCar;
				PRODUCT_NAME = "$(TARGET_NAME)";
				SWIFT_VERSION = 4.0;
				TARGETED_DEVICE_FAMILY = "1,2";
			};
			name = Release;
		};
		BC9DE5C720BC58A90038BB05 /* Debug */ = {
			isa = XCBuildConfiguration;
			baseConfigurationReference = 0873E778E08AB70CA04C10FE /* Pods-myCar-myCarTests.debug.xcconfig */;
			buildSettings = {
				BUNDLE_LOADER = "$(TEST_HOST)";
				CLANG_ENABLE_OBJC_WEAK = YES;
				CLANG_WARN_DEPRECATED_OBJC_IMPLEMENTATIONS = YES;
				CLANG_WARN_OBJC_IMPLICIT_RETAIN_SELF = YES;
				CODE_SIGN_STYLE = Automatic;
				INFOPLIST_FILE = myCarTests/Info.plist;
				IPHONEOS_DEPLOYMENT_TARGET = 11.3;
				LD_RUNPATH_SEARCH_PATHS = "$(inherited) @executable_path/Frameworks @loader_path/Frameworks";
				PRODUCT_BUNDLE_IDENTIFIER = com.michalgawryluk.myCarTests;
				PRODUCT_NAME = "$(TARGET_NAME)";
				SWIFT_VERSION = 4.0;
				TARGETED_DEVICE_FAMILY = "1,2";
				TEST_HOST = "$(BUILT_PRODUCTS_DIR)/myCar.app/myCar";
			};
			name = Debug;
		};
		BC9DE5C820BC58A90038BB05 /* Release */ = {
			isa = XCBuildConfiguration;
			baseConfigurationReference = 394CD9BF5F67245A3473E2BF /* Pods-myCar-myCarTests.release.xcconfig */;
			buildSettings = {
				BUNDLE_LOADER = "$(TEST_HOST)";
				CLANG_ENABLE_OBJC_WEAK = YES;
				CLANG_WARN_DEPRECATED_OBJC_IMPLEMENTATIONS = YES;
				CLANG_WARN_OBJC_IMPLICIT_RETAIN_SELF = YES;
				CODE_SIGN_STYLE = Automatic;
				INFOPLIST_FILE = myCarTests/Info.plist;
				IPHONEOS_DEPLOYMENT_TARGET = 11.3;
				LD_RUNPATH_SEARCH_PATHS = "$(inherited) @executable_path/Frameworks @loader_path/Frameworks";
				PRODUCT_BUNDLE_IDENTIFIER = com.michalgawryluk.myCarTests;
				PRODUCT_NAME = "$(TARGET_NAME)";
				SWIFT_VERSION = 4.0;
				TARGETED_DEVICE_FAMILY = "1,2";
				TEST_HOST = "$(BUILT_PRODUCTS_DIR)/myCar.app/myCar";
			};
			name = Release;
		};
		BCFAA69820BC5D2B000235B1 /* Debug */ = {
			isa = XCBuildConfiguration;
			baseConfigurationReference = 2390FE3679A52A4AC88FE97B /* Pods-myCar-myCarUITests.debug.xcconfig */;
			buildSettings = {
				CLANG_ENABLE_OBJC_WEAK = YES;
				CLANG_WARN_DEPRECATED_OBJC_IMPLEMENTATIONS = YES;
				CLANG_WARN_OBJC_IMPLICIT_RETAIN_SELF = YES;
				CODE_SIGN_STYLE = Automatic;
				INFOPLIST_FILE = myCarUITests/Info.plist;
				IPHONEOS_DEPLOYMENT_TARGET = 11.3;
				LD_RUNPATH_SEARCH_PATHS = "$(inherited) @executable_path/Frameworks @loader_path/Frameworks";
				PRODUCT_BUNDLE_IDENTIFIER = com.michalgawryluk.myCarUITests;
				PRODUCT_NAME = "$(TARGET_NAME)";
				SWIFT_VERSION = 4.0;
				TARGETED_DEVICE_FAMILY = "1,2";
				TEST_TARGET_NAME = myCar;
			};
			name = Debug;
		};
		BCFAA69920BC5D2B000235B1 /* Release */ = {
			isa = XCBuildConfiguration;
			baseConfigurationReference = 583882E83E14C863A9077ABA /* Pods-myCar-myCarUITests.release.xcconfig */;
			buildSettings = {
				CLANG_ENABLE_OBJC_WEAK = YES;
				CLANG_WARN_DEPRECATED_OBJC_IMPLEMENTATIONS = YES;
				CLANG_WARN_OBJC_IMPLICIT_RETAIN_SELF = YES;
				CODE_SIGN_STYLE = Automatic;
				INFOPLIST_FILE = myCarUITests/Info.plist;
				IPHONEOS_DEPLOYMENT_TARGET = 11.3;
				LD_RUNPATH_SEARCH_PATHS = "$(inherited) @executable_path/Frameworks @loader_path/Frameworks";
				PRODUCT_BUNDLE_IDENTIFIER = com.michalgawryluk.myCarUITests;
				PRODUCT_NAME = "$(TARGET_NAME)";
				SWIFT_VERSION = 4.0;
				TARGETED_DEVICE_FAMILY = "1,2";
				TEST_TARGET_NAME = myCar;
			};
			name = Release;
		};
/* End XCBuildConfiguration section */

/* Begin XCConfigurationList section */
		902E9272203AE69700DD7E0F /* Build configuration list for PBXProject "myCar" */ = {
			isa = XCConfigurationList;
			buildConfigurations = (
				902E9287203AE69700DD7E0F /* Debug */,
				902E9288203AE69700DD7E0F /* Release */,
			);
			defaultConfigurationIsVisible = 0;
			defaultConfigurationName = Release;
		};
		902E9289203AE69700DD7E0F /* Build configuration list for PBXNativeTarget "myCar" */ = {
			isa = XCConfigurationList;
			buildConfigurations = (
				902E928A203AE69700DD7E0F /* Debug */,
				902E928B203AE69700DD7E0F /* Release */,
			);
			defaultConfigurationIsVisible = 0;
			defaultConfigurationName = Release;
		};
		BC9DE5C920BC58A90038BB05 /* Build configuration list for PBXNativeTarget "myCarTests" */ = {
			isa = XCConfigurationList;
			buildConfigurations = (
				BC9DE5C720BC58A90038BB05 /* Debug */,
				BC9DE5C820BC58A90038BB05 /* Release */,
			);
			defaultConfigurationIsVisible = 0;
			defaultConfigurationName = Release;
		};
		BCFAA69A20BC5D2B000235B1 /* Build configuration list for PBXNativeTarget "myCarUITests" */ = {
			isa = XCConfigurationList;
			buildConfigurations = (
				BCFAA69820BC5D2B000235B1 /* Debug */,
				BCFAA69920BC5D2B000235B1 /* Release */,
			);
			defaultConfigurationIsVisible = 0;
			defaultConfigurationName = Release;
		};
/* End XCConfigurationList section */
	};
	rootObject = 902E926F203AE69700DD7E0F /* Project object */;
}
